// !$*UTF8*$!
{
	archiveVersion = 1;
	classes = {
	};
	objectVersion = 77;
	objects = {

/* Begin PBXBuildFile section */
		D69502BA2DACE89A00876DAF /* SnapKit in Frameworks */ = {isa = PBXBuildFile; productRef = D69502B92DACE89A00876DAF /* SnapKit */; };
		D69502BD2DACE8A600876DAF /* Then in Frameworks */ = {isa = PBXBuildFile; productRef = D69502BC2DACE8A600876DAF /* Then */; };
		D69502C02DACE8BF00876DAF /* RxCocoa in Frameworks */ = {isa = PBXBuildFile; productRef = D69502BF2DACE8BF00876DAF /* RxCocoa */; };
		D69502C22DACE8BF00876DAF /* RxRelay in Frameworks */ = {isa = PBXBuildFile; productRef = D69502C12DACE8BF00876DAF /* RxRelay */; };
		D69502C42DACE8BF00876DAF /* RxSwift in Frameworks */ = {isa = PBXBuildFile; productRef = D69502C32DACE8BF00876DAF /* RxSwift */; };
/* End PBXBuildFile section */

/* Begin PBXContainerItemProxy section */
		D6FE145C2DACADE8001DEBB8 /* PBXContainerItemProxy */ = {
			isa = PBXContainerItemProxy;
			containerPortal = D6FE143D2DACADE6001DEBB8 /* Project object */;
			proxyType = 1;
			remoteGlobalIDString = D6FE14442DACADE6001DEBB8;
			remoteInfo = "project-exchange-rate-calculator";
		};
		D6FE14662DACADE8001DEBB8 /* PBXContainerItemProxy */ = {
			isa = PBXContainerItemProxy;
			containerPortal = D6FE143D2DACADE6001DEBB8 /* Project object */;
			proxyType = 1;
			remoteGlobalIDString = D6FE14442DACADE6001DEBB8;
			remoteInfo = "project-exchange-rate-calculator";
		};
/* End PBXContainerItemProxy section */

/* Begin PBXFileReference section */
		D6FE14452DACADE6001DEBB8 /* project-exchange-rate-calculator.app */ = {isa = PBXFileReference; explicitFileType = wrapper.application; includeInIndex = 0; path = "project-exchange-rate-calculator.app"; sourceTree = BUILT_PRODUCTS_DIR; };
		D6FE145B2DACADE8001DEBB8 /* project-exchange-rate-calculatorTests.xctest */ = {isa = PBXFileReference; explicitFileType = wrapper.cfbundle; includeInIndex = 0; path = "project-exchange-rate-calculatorTests.xctest"; sourceTree = BUILT_PRODUCTS_DIR; };
		D6FE14652DACADE8001DEBB8 /* project-exchange-rate-calculatorUITests.xctest */ = {isa = PBXFileReference; explicitFileType = wrapper.cfbundle; includeInIndex = 0; path = "project-exchange-rate-calculatorUITests.xctest"; sourceTree = BUILT_PRODUCTS_DIR; };
/* End PBXFileReference section */

/* Begin PBXFileSystemSynchronizedBuildFileExceptionSet section */
		D6FE146D2DACADE8001DEBB8 /* Exceptions for "project-exchange-rate-calculator" folder in "project-exchange-rate-calculator" target */ = {
			isa = PBXFileSystemSynchronizedBuildFileExceptionSet;
			membershipExceptions = (
				"/Localized: Assets/LaunchScreen.storyboard",
				Assets/Info.plist,
			);
			target = D6FE14442DACADE6001DEBB8 /* project-exchange-rate-calculator */;
		};
/* End PBXFileSystemSynchronizedBuildFileExceptionSet section */

/* Begin PBXFileSystemSynchronizedRootGroup section */
		D6FE14472DACADE6001DEBB8 /* project-exchange-rate-calculator */ = {
			isa = PBXFileSystemSynchronizedRootGroup;
			exceptions = (
				D6FE146D2DACADE8001DEBB8 /* Exceptions for "project-exchange-rate-calculator" folder in "project-exchange-rate-calculator" target */,
			);
			path = "project-exchange-rate-calculator";
			sourceTree = "<group>";
		};
		D6FE145E2DACADE8001DEBB8 /* project-exchange-rate-calculatorTests */ = {
			isa = PBXFileSystemSynchronizedRootGroup;
			path = "project-exchange-rate-calculatorTests";
			sourceTree = "<group>";
		};
		D6FE14682DACADE8001DEBB8 /* project-exchange-rate-calculatorUITests */ = {
			isa = PBXFileSystemSynchronizedRootGroup;
			path = "project-exchange-rate-calculatorUITests";
			sourceTree = "<group>";
		};
/* End PBXFileSystemSynchronizedRootGroup section */

/* Begin PBXFrameworksBuildPhase section */
		D6FE14422DACADE6001DEBB8 /* Frameworks */ = {
			isa = PBXFrameworksBuildPhase;
			buildActionMask = 2147483647;
			files = (
				D69502C02DACE8BF00876DAF /* RxCocoa in Frameworks */,
				D69502BA2DACE89A00876DAF /* SnapKit in Frameworks */,
				D69502C42DACE8BF00876DAF /* RxSwift in Frameworks */,
				D69502C22DACE8BF00876DAF /* RxRelay in Frameworks */,
				D69502BD2DACE8A600876DAF /* Then in Frameworks */,
			);
			runOnlyForDeploymentPostprocessing = 0;
		};
		D6FE14582DACADE8001DEBB8 /* Frameworks */ = {
			isa = PBXFrameworksBuildPhase;
			buildActionMask = 2147483647;
			files = (
			);
			runOnlyForDeploymentPostprocessing = 0;
		};
		D6FE14622DACADE8001DEBB8 /* Frameworks */ = {
			isa = PBXFrameworksBuildPhase;
			buildActionMask = 2147483647;
			files = (
			);
			runOnlyForDeploymentPostprocessing = 0;
		};
/* End PBXFrameworksBuildPhase section */

/* Begin PBXGroup section */
		D6FE143C2DACADE6001DEBB8 = {
			isa = PBXGroup;
			children = (
				D6FE14472DACADE6001DEBB8 /* project-exchange-rate-calculator */,
				D6FE145E2DACADE8001DEBB8 /* project-exchange-rate-calculatorTests */,
				D6FE14682DACADE8001DEBB8 /* project-exchange-rate-calculatorUITests */,
				D6FE14462DACADE6001DEBB8 /* Products */,
			);
			sourceTree = "<group>";
		};
		D6FE14462DACADE6001DEBB8 /* Products */ = {
			isa = PBXGroup;
			children = (
				D6FE14452DACADE6001DEBB8 /* project-exchange-rate-calculator.app */,
				D6FE145B2DACADE8001DEBB8 /* project-exchange-rate-calculatorTests.xctest */,
				D6FE14652DACADE8001DEBB8 /* project-exchange-rate-calculatorUITests.xctest */,
			);
			name = Products;
			sourceTree = "<group>";
		};
/* End PBXGroup section */

/* Begin PBXNativeTarget section */
		D6FE14442DACADE6001DEBB8 /* project-exchange-rate-calculator */ = {
			isa = PBXNativeTarget;
			buildConfigurationList = D6FE146E2DACADE8001DEBB8 /* Build configuration list for PBXNativeTarget "project-exchange-rate-calculator" */;
			buildPhases = (
				D6FE14412DACADE6001DEBB8 /* Sources */,
				D6FE14422DACADE6001DEBB8 /* Frameworks */,
				D6FE14432DACADE6001DEBB8 /* Resources */,
			);
			buildRules = (
			);
			dependencies = (
			);
			fileSystemSynchronizedGroups = (
				D6FE14472DACADE6001DEBB8 /* project-exchange-rate-calculator */,
			);
			name = "project-exchange-rate-calculator";
			packageProductDependencies = (
				D69502B92DACE89A00876DAF /* SnapKit */,
				D69502BC2DACE8A600876DAF /* Then */,
				D69502BF2DACE8BF00876DAF /* RxCocoa */,
				D69502C12DACE8BF00876DAF /* RxRelay */,
				D69502C32DACE8BF00876DAF /* RxSwift */,
			);
			productName = "project-exchange-rate-calculator";
			productReference = D6FE14452DACADE6001DEBB8 /* project-exchange-rate-calculator.app */;
			productType = "com.apple.product-type.application";
		};
		D6FE145A2DACADE8001DEBB8 /* project-exchange-rate-calculatorTests */ = {
			isa = PBXNativeTarget;
			buildConfigurationList = D6FE14732DACADE8001DEBB8 /* Build configuration list for PBXNativeTarget "project-exchange-rate-calculatorTests" */;
			buildPhases = (
				D6FE14572DACADE8001DEBB8 /* Sources */,
				D6FE14582DACADE8001DEBB8 /* Frameworks */,
				D6FE14592DACADE8001DEBB8 /* Resources */,
			);
			buildRules = (
			);
			dependencies = (
				D6FE145D2DACADE8001DEBB8 /* PBXTargetDependency */,
			);
			fileSystemSynchronizedGroups = (
				D6FE145E2DACADE8001DEBB8 /* project-exchange-rate-calculatorTests */,
			);
			name = "project-exchange-rate-calculatorTests";
			packageProductDependencies = (
			);
			productName = "project-exchange-rate-calculatorTests";
			productReference = D6FE145B2DACADE8001DEBB8 /* project-exchange-rate-calculatorTests.xctest */;
			productType = "com.apple.product-type.bundle.unit-test";
		};
		D6FE14642DACADE8001DEBB8 /* project-exchange-rate-calculatorUITests */ = {
			isa = PBXNativeTarget;
			buildConfigurationList = D6FE14762DACADE8001DEBB8 /* Build configuration list for PBXNativeTarget "project-exchange-rate-calculatorUITests" */;
			buildPhases = (
				D6FE14612DACADE8001DEBB8 /* Sources */,
				D6FE14622DACADE8001DEBB8 /* Frameworks */,
				D6FE14632DACADE8001DEBB8 /* Resources */,
			);
			buildRules = (
			);
			dependencies = (
				D6FE14672DACADE8001DEBB8 /* PBXTargetDependency */,
			);
			fileSystemSynchronizedGroups = (
				D6FE14682DACADE8001DEBB8 /* project-exchange-rate-calculatorUITests */,
			);
			name = "project-exchange-rate-calculatorUITests";
			packageProductDependencies = (
			);
			productName = "project-exchange-rate-calculatorUITests";
			productReference = D6FE14652DACADE8001DEBB8 /* project-exchange-rate-calculatorUITests.xctest */;
			productType = "com.apple.product-type.bundle.ui-testing";
		};
/* End PBXNativeTarget section */

/* Begin PBXProject section */
		D6FE143D2DACADE6001DEBB8 /* Project object */ = {
			isa = PBXProject;
			attributes = {
				BuildIndependentTargetsInParallel = 1;
				LastSwiftUpdateCheck = 1620;
				LastUpgradeCheck = 1620;
				TargetAttributes = {
					D6FE14442DACADE6001DEBB8 = {
						CreatedOnToolsVersion = 16.2;
					};
					D6FE145A2DACADE8001DEBB8 = {
						CreatedOnToolsVersion = 16.2;
						TestTargetID = D6FE14442DACADE6001DEBB8;
					};
					D6FE14642DACADE8001DEBB8 = {
						CreatedOnToolsVersion = 16.2;
						TestTargetID = D6FE14442DACADE6001DEBB8;
					};
				};
			};
			buildConfigurationList = D6FE14402DACADE6001DEBB8 /* Build configuration list for PBXProject "project-exchange-rate-calculator" */;
			developmentRegion = en;
			hasScannedForEncodings = 0;
			knownRegions = (
				en,
				Base,
			);
			mainGroup = D6FE143C2DACADE6001DEBB8;
			minimizedProjectReferenceProxies = 1;
			packageReferences = (
				D69502B82DACE89A00876DAF /* XCRemoteSwiftPackageReference "SnapKit" */,
				D69502BB2DACE8A600876DAF /* XCRemoteSwiftPackageReference "Then" */,
				D69502BE2DACE8BF00876DAF /* XCRemoteSwiftPackageReference "RxSwift" */,
			);
			preferredProjectObjectVersion = 77;
			productRefGroup = D6FE14462DACADE6001DEBB8 /* Products */;
			projectDirPath = "";
			projectRoot = "";
			targets = (
				D6FE14442DACADE6001DEBB8 /* project-exchange-rate-calculator */,
				D6FE145A2DACADE8001DEBB8 /* project-exchange-rate-calculatorTests */,
				D6FE14642DACADE8001DEBB8 /* project-exchange-rate-calculatorUITests */,
			);
		};
/* End PBXProject section */

/* Begin PBXResourcesBuildPhase section */
		D6FE14432DACADE6001DEBB8 /* Resources */ = {
			isa = PBXResourcesBuildPhase;
			buildActionMask = 2147483647;
			files = (
			);
			runOnlyForDeploymentPostprocessing = 0;
		};
		D6FE14592DACADE8001DEBB8 /* Resources */ = {
			isa = PBXResourcesBuildPhase;
			buildActionMask = 2147483647;
			files = (
			);
			runOnlyForDeploymentPostprocessing = 0;
		};
		D6FE14632DACADE8001DEBB8 /* Resources */ = {
			isa = PBXResourcesBuildPhase;
			buildActionMask = 2147483647;
			files = (
			);
			runOnlyForDeploymentPostprocessing = 0;
		};
/* End PBXResourcesBuildPhase section */

/* Begin PBXSourcesBuildPhase section */
		D6FE14412DACADE6001DEBB8 /* Sources */ = {
			isa = PBXSourcesBuildPhase;
			buildActionMask = 2147483647;
			files = (
			);
			runOnlyForDeploymentPostprocessing = 0;
		};
		D6FE14572DACADE8001DEBB8 /* Sources */ = {
			isa = PBXSourcesBuildPhase;
			buildActionMask = 2147483647;
			files = (
			);
			runOnlyForDeploymentPostprocessing = 0;
		};
		D6FE14612DACADE8001DEBB8 /* Sources */ = {
			isa = PBXSourcesBuildPhase;
			buildActionMask = 2147483647;
			files = (
			);
			runOnlyForDeploymentPostprocessing = 0;
		};
/* End PBXSourcesBuildPhase section */

/* Begin PBXTargetDependency section */
		D6FE145D2DACADE8001DEBB8 /* PBXTargetDependency */ = {
			isa = PBXTargetDependency;
			target = D6FE14442DACADE6001DEBB8 /* project-exchange-rate-calculator */;
			targetProxy = D6FE145C2DACADE8001DEBB8 /* PBXContainerItemProxy */;
		};
		D6FE14672DACADE8001DEBB8 /* PBXTargetDependency */ = {
			isa = PBXTargetDependency;
			target = D6FE14442DACADE6001DEBB8 /* project-exchange-rate-calculator */;
			targetProxy = D6FE14662DACADE8001DEBB8 /* PBXContainerItemProxy */;
		};
/* End PBXTargetDependency section */

/* Begin XCBuildConfiguration section */
		D6FE146F2DACADE8001DEBB8 /* Debug */ = {
			isa = XCBuildConfiguration;
			buildSettings = {
				ASSETCATALOG_COMPILER_APPICON_NAME = AppIcon;
				ASSETCATALOG_COMPILER_GLOBAL_ACCENT_COLOR_NAME = AccentColor;
				CODE_SIGN_STYLE = Automatic;
				CURRENT_PROJECT_VERSION = 1;
				DEVELOPMENT_TEAM = N676ZFA7W8;
				GENERATE_INFOPLIST_FILE = YES;
				INFOPLIST_FILE = "project-exchange-rate-calculator/Assets/Info.plist";
				INFOPLIST_KEY_UIApplicationSupportsIndirectInputEvents = YES;
				INFOPLIST_KEY_UILaunchStoryboardName = LaunchScreen;
				INFOPLIST_KEY_UISupportedInterfaceOrientations_iPad = "UIInterfaceOrientationPortrait UIInterfaceOrientationPortraitUpsideDown UIInterfaceOrientationLandscapeLeft UIInterfaceOrientationLandscapeRight";
				INFOPLIST_KEY_UISupportedInterfaceOrientations_iPhone = "UIInterfaceOrientationPortrait UIInterfaceOrientationLandscapeLeft UIInterfaceOrientationLandscapeRight";
				LD_RUNPATH_SEARCH_PATHS = (
					"$(inherited)",
					"@executable_path/Frameworks",
				);
				MARKETING_VERSION = 1.0;
				PRODUCT_BUNDLE_IDENTIFIER = "quarang.project-exchange-rate-calculator";
				PRODUCT_NAME = "$(TARGET_NAME)";
				SWIFT_EMIT_LOC_STRINGS = YES;
				SWIFT_VERSION = 5.0;
				TARGETED_DEVICE_FAMILY = "1,2";
			};
			name = Debug;
		};
		D6FE14702DACADE8001DEBB8 /* Release */ = {
			isa = XCBuildConfiguration;
			buildSettings = {
				ASSETCATALOG_COMPILER_APPICON_NAME = AppIcon;
				ASSETCATALOG_COMPILER_GLOBAL_ACCENT_COLOR_NAME = AccentColor;
				CODE_SIGN_STYLE = Automatic;
				CURRENT_PROJECT_VERSION = 1;
				DEVELOPMENT_TEAM = N676ZFA7W8;
				GENERATE_INFOPLIST_FILE = YES;
				INFOPLIST_FILE = "project-exchange-rate-calculator/Assets/Info.plist";
				INFOPLIST_KEY_UIApplicationSupportsIndirectInputEvents = YES;
				INFOPLIST_KEY_UILaunchStoryboardName = LaunchScreen;
				INFOPLIST_KEY_UISupportedInterfaceOrientations_iPad = "UIInterfaceOrientationPortrait UIInterfaceOrientationPortraitUpsideDown UIInterfaceOrientationLandscapeLeft UIInterfaceOrientationLandscapeRight";
				INFOPLIST_KEY_UISupportedInterfaceOrientations_iPhone = "UIInterfaceOrientationPortrait UIInterfaceOrientationLandscapeLeft UIInterfaceOrientationLandscapeRight";
				LD_RUNPATH_SEARCH_PATHS = (
					"$(inherited)",
					"@executable_path/Frameworks",
				);
				MARKETING_VERSION = 1.0;
				PRODUCT_BUNDLE_IDENTIFIER = "quarang.project-exchange-rate-calculator";
				PRODUCT_NAME = "$(TARGET_NAME)";
				SWIFT_EMIT_LOC_STRINGS = YES;
				SWIFT_VERSION = 5.0;
				TARGETED_DEVICE_FAMILY = "1,2";
			};
			name = Release;
		};
		D6FE14712DACADE8001DEBB8 /* Debug */ = {
			isa = XCBuildConfiguration;
			buildSettings = {
				ALWAYS_SEARCH_USER_PATHS = NO;
				ASSETCATALOG_COMPILER_GENERATE_SWIFT_ASSET_SYMBOL_EXTENSIONS = YES;
				CLANG_ANALYZER_NONNULL = YES;
				CLANG_ANALYZER_NUMBER_OBJECT_CONVERSION = YES_AGGRESSIVE;
				CLANG_CXX_LANGUAGE_STANDARD = "gnu++20";
				CLANG_ENABLE_MODULES = YES;
				CLANG_ENABLE_OBJC_ARC = YES;
				CLANG_ENABLE_OBJC_WEAK = YES;
				CLANG_WARN_BLOCK_CAPTURE_AUTORELEASING = YES;
				CLANG_WARN_BOOL_CONVERSION = YES;
				CLANG_WARN_COMMA = YES;
				CLANG_WARN_CONSTANT_CONVERSION = YES;
				CLANG_WARN_DEPRECATED_OBJC_IMPLEMENTATIONS = YES;
				CLANG_WARN_DIRECT_OBJC_ISA_USAGE = YES_ERROR;
				CLANG_WARN_DOCUMENTATION_COMMENTS = YES;
				CLANG_WARN_EMPTY_BODY = YES;
				CLANG_WARN_ENUM_CONVERSION = YES;
				CLANG_WARN_INFINITE_RECURSION = YES;
				CLANG_WARN_INT_CONVERSION = YES;
				CLANG_WARN_NON_LITERAL_NULL_CONVERSION = YES;
				CLANG_WARN_OBJC_IMPLICIT_RETAIN_SELF = YES;
				CLANG_WARN_OBJC_LITERAL_CONVERSION = YES;
				CLANG_WARN_OBJC_ROOT_CLASS = YES_ERROR;
				CLANG_WARN_QUOTED_INCLUDE_IN_FRAMEWORK_HEADER = YES;
				CLANG_WARN_RANGE_LOOP_ANALYSIS = YES;
				CLANG_WARN_STRICT_PROTOTYPES = YES;
				CLANG_WARN_SUSPICIOUS_MOVE = YES;
				CLANG_WARN_UNGUARDED_AVAILABILITY = YES_AGGRESSIVE;
				CLANG_WARN_UNREACHABLE_CODE = YES;
				CLANG_WARN__DUPLICATE_METHOD_MATCH = YES;
				COPY_PHASE_STRIP = NO;
				DEBUG_INFORMATION_FORMAT = dwarf;
				ENABLE_STRICT_OBJC_MSGSEND = YES;
				ENABLE_TESTABILITY = YES;
				ENABLE_USER_SCRIPT_SANDBOXING = YES;
				GCC_C_LANGUAGE_STANDARD = gnu17;
				GCC_DYNAMIC_NO_PIC = NO;
				GCC_NO_COMMON_BLOCKS = YES;
				GCC_OPTIMIZATION_LEVEL = 0;
				GCC_PREPROCESSOR_DEFINITIONS = (
					"DEBUG=1",
					"$(inherited)",
				);
				GCC_WARN_64_TO_32_BIT_CONVERSION = YES;
				GCC_WARN_ABOUT_RETURN_TYPE = YES_ERROR;
				GCC_WARN_UNDECLARED_SELECTOR = YES;
				GCC_WARN_UNINITIALIZED_AUTOS = YES_AGGRESSIVE;
				GCC_WARN_UNUSED_FUNCTION = YES;
				GCC_WARN_UNUSED_VARIABLE = YES;
				IPHONEOS_DEPLOYMENT_TARGET = 18.2;
				LOCALIZATION_PREFERS_STRING_CATALOGS = YES;
				MTL_ENABLE_DEBUG_INFO = INCLUDE_SOURCE;
				MTL_FAST_MATH = YES;
				ONLY_ACTIVE_ARCH = YES;
				SDKROOT = iphoneos;
				SWIFT_ACTIVE_COMPILATION_CONDITIONS = "DEBUG $(inherited)";
				SWIFT_OPTIMIZATION_LEVEL = "-Onone";
			};
			name = Debug;
		};
		D6FE14722DACADE8001DEBB8 /* Release */ = {
			isa = XCBuildConfiguration;
			buildSettings = {
				ALWAYS_SEARCH_USER_PATHS = NO;
				ASSETCATALOG_COMPILER_GENERATE_SWIFT_ASSET_SYMBOL_EXTENSIONS = YES;
				CLANG_ANALYZER_NONNULL = YES;
				CLANG_ANALYZER_NUMBER_OBJECT_CONVERSION = YES_AGGRESSIVE;
				CLANG_CXX_LANGUAGE_STANDARD = "gnu++20";
				CLANG_ENABLE_MODULES = YES;
				CLANG_ENABLE_OBJC_ARC = YES;
				CLANG_ENABLE_OBJC_WEAK = YES;
				CLANG_WARN_BLOCK_CAPTURE_AUTORELEASING = YES;
				CLANG_WARN_BOOL_CONVERSION = YES;
				CLANG_WARN_COMMA = YES;
				CLANG_WARN_CONSTANT_CONVERSION = YES;
				CLANG_WARN_DEPRECATED_OBJC_IMPLEMENTATIONS = YES;
				CLANG_WARN_DIRECT_OBJC_ISA_USAGE = YES_ERROR;
				CLANG_WARN_DOCUMENTATION_COMMENTS = YES;
				CLANG_WARN_EMPTY_BODY = YES;
				CLANG_WARN_ENUM_CONVERSION = YES;
				CLANG_WARN_INFINITE_RECURSION = YES;
				CLANG_WARN_INT_CONVERSION = YES;
				CLANG_WARN_NON_LITERAL_NULL_CONVERSION = YES;
				CLANG_WARN_OBJC_IMPLICIT_RETAIN_SELF = YES;
				CLANG_WARN_OBJC_LITERAL_CONVERSION = YES;
				CLANG_WARN_OBJC_ROOT_CLASS = YES_ERROR;
				CLANG_WARN_QUOTED_INCLUDE_IN_FRAMEWORK_HEADER = YES;
				CLANG_WARN_RANGE_LOOP_ANALYSIS = YES;
				CLANG_WARN_STRICT_PROTOTYPES = YES;
				CLANG_WARN_SUSPICIOUS_MOVE = YES;
				CLANG_WARN_UNGUARDED_AVAILABILITY = YES_AGGRESSIVE;
				CLANG_WARN_UNREACHABLE_CODE = YES;
				CLANG_WARN__DUPLICATE_METHOD_MATCH = YES;
				COPY_PHASE_STRIP = NO;
				DEBUG_INFORMATION_FORMAT = "dwarf-with-dsym";
				ENABLE_NS_ASSERTIONS = NO;
				ENABLE_STRICT_OBJC_MSGSEND = YES;
				ENABLE_USER_SCRIPT_SANDBOXING = YES;
				GCC_C_LANGUAGE_STANDARD = gnu17;
				GCC_NO_COMMON_BLOCKS = YES;
				GCC_WARN_64_TO_32_BIT_CONVERSION = YES;
				GCC_WARN_ABOUT_RETURN_TYPE = YES_ERROR;
				GCC_WARN_UNDECLARED_SELECTOR = YES;
				GCC_WARN_UNINITIALIZED_AUTOS = YES_AGGRESSIVE;
				GCC_WARN_UNUSED_FUNCTION = YES;
				GCC_WARN_UNUSED_VARIABLE = YES;
				IPHONEOS_DEPLOYMENT_TARGET = 18.2;
				LOCALIZATION_PREFERS_STRING_CATALOGS = YES;
				MTL_ENABLE_DEBUG_INFO = NO;
				MTL_FAST_MATH = YES;
				SDKROOT = iphoneos;
				SWIFT_COMPILATION_MODE = wholemodule;
				VALIDATE_PRODUCT = YES;
			};
			name = Release;
		};
		D6FE14742DACADE8001DEBB8 /* Debug */ = {
			isa = XCBuildConfiguration;
			buildSettings = {
				BUNDLE_LOADER = "$(TEST_HOST)";
				CODE_SIGN_STYLE = Automatic;
				CURRENT_PROJECT_VERSION = 1;
				DEVELOPMENT_TEAM = N676ZFA7W8;
				GENERATE_INFOPLIST_FILE = YES;
				IPHONEOS_DEPLOYMENT_TARGET = 18.2;
				MARKETING_VERSION = 1.0;
				PRODUCT_BUNDLE_IDENTIFIER = "quarang.project-exchange-rate-calculatorTests";
				PRODUCT_NAME = "$(TARGET_NAME)";
				SWIFT_EMIT_LOC_STRINGS = NO;
				SWIFT_VERSION = 5.0;
				TARGETED_DEVICE_FAMILY = "1,2";
				TEST_HOST = "$(BUILT_PRODUCTS_DIR)/project-exchange-rate-calculator.app/$(BUNDLE_EXECUTABLE_FOLDER_PATH)/project-exchange-rate-calculator";
			};
			name = Debug;
		};
		D6FE14752DACADE8001DEBB8 /* Release */ = {
			isa = XCBuildConfiguration;
			buildSettings = {
				BUNDLE_LOADER = "$(TEST_HOST)";
				CODE_SIGN_STYLE = Automatic;
				CURRENT_PROJECT_VERSION = 1;
				DEVELOPMENT_TEAM = N676ZFA7W8;
				GENERATE_INFOPLIST_FILE = YES;
				IPHONEOS_DEPLOYMENT_TARGET = 18.2;
				MARKETING_VERSION = 1.0;
				PRODUCT_BUNDLE_IDENTIFIER = "quarang.project-exchange-rate-calculatorTests";
				PRODUCT_NAME = "$(TARGET_NAME)";
				SWIFT_EMIT_LOC_STRINGS = NO;
				SWIFT_VERSION = 5.0;
				TARGETED_DEVICE_FAMILY = "1,2";
				TEST_HOST = "$(BUILT_PRODUCTS_DIR)/project-exchange-rate-calculator.app/$(BUNDLE_EXECUTABLE_FOLDER_PATH)/project-exchange-rate-calculator";
			};
			name = Release;
		};
		D6FE14772DACADE8001DEBB8 /* Debug */ = {
			isa = XCBuildConfiguration;
			buildSettings = {
				CODE_SIGN_STYLE = Automatic;
				CURRENT_PROJECT_VERSION = 1;
				DEVELOPMENT_TEAM = N676ZFA7W8;
				GENERATE_INFOPLIST_FILE = YES;
				MARKETING_VERSION = 1.0;
				PRODUCT_BUNDLE_IDENTIFIER = "quarang.project-exchange-rate-calculatorUITests";
				PRODUCT_NAME = "$(TARGET_NAME)";
				SWIFT_EMIT_LOC_STRINGS = NO;
				SWIFT_VERSION = 5.0;
				TARGETED_DEVICE_FAMILY = "1,2";
				TEST_TARGET_NAME = "project-exchange-rate-calculator";
			};
			name = Debug;
		};
		D6FE14782DACADE8001DEBB8 /* Release */ = {
			isa = XCBuildConfiguration;
			buildSettings = {
				CODE_SIGN_STYLE = Automatic;
				CURRENT_PROJECT_VERSION = 1;
				DEVELOPMENT_TEAM = N676ZFA7W8;
				GENERATE_INFOPLIST_FILE = YES;
				MARKETING_VERSION = 1.0;
				PRODUCT_BUNDLE_IDENTIFIER = "quarang.project-exchange-rate-calculatorUITests";
				PRODUCT_NAME = "$(TARGET_NAME)";
				SWIFT_EMIT_LOC_STRINGS = NO;
				SWIFT_VERSION = 5.0;
				TARGETED_DEVICE_FAMILY = "1,2";
				TEST_TARGET_NAME = "project-exchange-rate-calculator";
			};
			name = Release;
		};
/* End XCBuildConfiguration section */

/* Begin XCConfigurationList section */
		D6FE14402DACADE6001DEBB8 /* Build configuration list for PBXProject "project-exchange-rate-calculator" */ = {
			isa = XCConfigurationList;
			buildConfigurations = (
				D6FE14712DACADE8001DEBB8 /* Debug */,
				D6FE14722DACADE8001DEBB8 /* Release */,
			);
			defaultConfigurationIsVisible = 0;
			defaultConfigurationName = Release;
		};
		D6FE146E2DACADE8001DEBB8 /* Build configuration list for PBXNativeTarget "project-exchange-rate-calculator" */ = {
			isa = XCConfigurationList;
			buildConfigurations = (
				D6FE146F2DACADE8001DEBB8 /* Debug */,
				D6FE14702DACADE8001DEBB8 /* Release */,
			);
			defaultConfigurationIsVisible = 0;
			defaultConfigurationName = Release;
		};
		D6FE14732DACADE8001DEBB8 /* Build configuration list for PBXNativeTarget "project-exchange-rate-calculatorTests" */ = {
			isa = XCConfigurationList;
			buildConfigurations = (
				D6FE14742DACADE8001DEBB8 /* Debug */,
				D6FE14752DACADE8001DEBB8 /* Release */,
			);
			defaultConfigurationIsVisible = 0;
			defaultConfigurationName = Release;
		};
		D6FE14762DACADE8001DEBB8 /* Build configuration list for PBXNativeTarget "project-exchange-rate-calculatorUITests" */ = {
			isa = XCConfigurationList;
			buildConfigurations = (
				D6FE14772DACADE8001DEBB8 /* Debug */,
				D6FE14782DACADE8001DEBB8 /* Release */,
			);
			defaultConfigurationIsVisible = 0;
			defaultConfigurationName = Release;
		};
/* End XCConfigurationList section */

/* Begin XCRemoteSwiftPackageReference section */
		D69502B82DACE89A00876DAF /* XCRemoteSwiftPackageReference "SnapKit" */ = {
			isa = XCRemoteSwiftPackageReference;
			repositoryURL = "https://github.com/SnapKit/SnapKit.git";
			requirement = {
				kind = upToNextMajorVersion;
				minimumVersion = 5.7.1;
			};
		};
		D69502BB2DACE8A600876DAF /* XCRemoteSwiftPackageReference "Then" */ = {
			isa = XCRemoteSwiftPackageReference;
			repositoryURL = "https://github.com/devxoul/Then.git";
			requirement = {
				kind = upToNextMajorVersion;
				minimumVersion = 3.0.0;
			};
		};
		D69502BE2DACE8BF00876DAF /* XCRemoteSwiftPackageReference "RxSwift" */ = {
			isa = XCRemoteSwiftPackageReference;
			repositoryURL = "https://github.com/ReactiveX/RxSwift.git";
			requirement = {
				kind = upToNextMajorVersion;
				minimumVersion = 6.9.0;
			};
		};
/* End XCRemoteSwiftPackageReference section */

/* Begin XCSwiftPackageProductDependency section */
		D69502B92DACE89A00876DAF /* SnapKit */ = {
			isa = XCSwiftPackageProductDependency;
			package = D69502B82DACE89A00876DAF /* XCRemoteSwiftPackageReference "SnapKit" */;
			productName = SnapKit;
		};
		D69502BC2DACE8A600876DAF /* Then */ = {
			isa = XCSwiftPackageProductDependency;
			package = D69502BB2DACE8A600876DAF /* XCRemoteSwiftPackageReference "Then" */;
			productName = Then;
		};
		D69502BF2DACE8BF00876DAF /* RxCocoa */ = {
			isa = XCSwiftPackageProductDependency;
			package = D69502BE2DACE8BF00876DAF /* XCRemoteSwiftPackageReference "RxSwift" */;
			productName = RxCocoa;
		};
		D69502C12DACE8BF00876DAF /* RxRelay */ = {
			isa = XCSwiftPackageProductDependency;
			package = D69502BE2DACE8BF00876DAF /* XCRemoteSwiftPackageReference "RxSwift" */;
			productName = RxRelay;
		};
		D69502C32DACE8BF00876DAF /* RxSwift */ = {
			isa = XCSwiftPackageProductDependency;
			package = D69502BE2DACE8BF00876DAF /* XCRemoteSwiftPackageReference "RxSwift" */;
			productName = RxSwift;
		};
/* End XCSwiftPackageProductDependency section */
	};
	rootObject = D6FE143D2DACADE6001DEBB8 /* Project object */;
}
