// !$*UTF8*$!
{
	archiveVersion = 1;
	classes = {
	};
	objectVersion = 77;
	objects = {

/* Begin PBXBuildFile section */
		D64738E22D91423A00E5E758 /* SnapKit in Frameworks */ = {isa = PBXBuildFile; productRef = D64738E12D91423A00E5E758 /* SnapKit */; };
		D6D80DEB2D9BBF2400835F42 /* RxCocoa in Frameworks */ = {isa = PBXBuildFile; productRef = D6D80DEA2D9BBF2400835F42 /* RxCocoa */; };
/* End PBXBuildFile section */

/* Begin PBXContainerItemProxy section */
		D603954C2D91147D00C8AB35 /* PBXContainerItemProxy */ = {
			isa = PBXContainerItemProxy;
			containerPortal = D603952D2D91147B00C8AB35 /* Project object */;
			proxyType = 1;
			remoteGlobalIDString = D60395342D91147B00C8AB35;
			remoteInfo = "project-book-series";
		};
		D60395562D91147D00C8AB35 /* PBXContainerItemProxy */ = {
			isa = PBXContainerItemProxy;
			containerPortal = D603952D2D91147B00C8AB35 /* Project object */;
			proxyType = 1;
			remoteGlobalIDString = D60395342D91147B00C8AB35;
			remoteInfo = "project-book-series";
		};
/* End PBXContainerItemProxy section */

/* Begin PBXFileReference section */
		D60395352D91147B00C8AB35 /* project-book-series.app */ = {isa = PBXFileReference; explicitFileType = wrapper.application; includeInIndex = 0; path = "project-book-series.app"; sourceTree = BUILT_PRODUCTS_DIR; };
		D603954B2D91147D00C8AB35 /* project-book-seriesTests.xctest */ = {isa = PBXFileReference; explicitFileType = wrapper.cfbundle; includeInIndex = 0; path = "project-book-seriesTests.xctest"; sourceTree = BUILT_PRODUCTS_DIR; };
		D60395552D91147D00C8AB35 /* project-book-seriesUITests.xctest */ = {isa = PBXFileReference; explicitFileType = wrapper.cfbundle; includeInIndex = 0; path = "project-book-seriesUITests.xctest"; sourceTree = BUILT_PRODUCTS_DIR; };
/* End PBXFileReference section */

/* Begin PBXFileSystemSynchronizedBuildFileExceptionSet section */
		D603955D2D91147D00C8AB35 /* Exceptions for "project-book-series" folder in "project-book-series" target */ = {
			isa = PBXFileSystemSynchronizedBuildFileExceptionSet;
			membershipExceptions = (
				Info.plist,
			);
			target = D60395342D91147B00C8AB35 /* project-book-series */;
		};
/* End PBXFileSystemSynchronizedBuildFileExceptionSet section */

/* Begin PBXFileSystemSynchronizedRootGroup section */
		D60395372D91147B00C8AB35 /* project-book-series */ = {
			isa = PBXFileSystemSynchronizedRootGroup;
			exceptions = (
				D603955D2D91147D00C8AB35 /* Exceptions for "project-book-series" folder in "project-book-series" target */,
			);
			path = "project-book-series";
			sourceTree = "<group>";
		};
		D603954E2D91147D00C8AB35 /* project-book-seriesTests */ = {
			isa = PBXFileSystemSynchronizedRootGroup;
			path = "project-book-seriesTests";
			sourceTree = "<group>";
		};
		D60395582D91147D00C8AB35 /* project-book-seriesUITests */ = {
			isa = PBXFileSystemSynchronizedRootGroup;
			path = "project-book-seriesUITests";
			sourceTree = "<group>";
		};
/* End PBXFileSystemSynchronizedRootGroup section */

/* Begin PBXFrameworksBuildPhase section */
		D60395322D91147B00C8AB35 /* Frameworks */ = {
			isa = PBXFrameworksBuildPhase;
			buildActionMask = 2147483647;
			files = (
				D6D80DEB2D9BBF2400835F42 /* RxCocoa in Frameworks */,
				D64738E22D91423A00E5E758 /* SnapKit in Frameworks */,
			);
			runOnlyForDeploymentPostprocessing = 0;
		};
		D60395482D91147D00C8AB35 /* Frameworks */ = {
			isa = PBXFrameworksBuildPhase;
			buildActionMask = 2147483647;
			files = (
			);
			runOnlyForDeploymentPostprocessing = 0;
		};
		D60395522D91147D00C8AB35 /* Frameworks */ = {
			isa = PBXFrameworksBuildPhase;
			buildActionMask = 2147483647;
			files = (
			);
			runOnlyForDeploymentPostprocessing = 0;
		};
/* End PBXFrameworksBuildPhase section */

/* Begin PBXGroup section */
		D603952C2D91147B00C8AB35 = {
			isa = PBXGroup;
			children = (
				D60395372D91147B00C8AB35 /* project-book-series */,
				D603954E2D91147D00C8AB35 /* project-book-seriesTests */,
				D60395582D91147D00C8AB35 /* project-book-seriesUITests */,
				D60395362D91147B00C8AB35 /* Products */,
			);
			sourceTree = "<group>";
		};
		D60395362D91147B00C8AB35 /* Products */ = {
			isa = PBXGroup;
			children = (
				D60395352D91147B00C8AB35 /* project-book-series.app */,
				D603954B2D91147D00C8AB35 /* project-book-seriesTests.xctest */,
				D60395552D91147D00C8AB35 /* project-book-seriesUITests.xctest */,
			);
			name = Products;
			sourceTree = "<group>";
		};
/* End PBXGroup section */

/* Begin PBXNativeTarget section */
		D60395342D91147B00C8AB35 /* project-book-series */ = {
			isa = PBXNativeTarget;
			buildConfigurationList = D603955E2D91147D00C8AB35 /* Build configuration list for PBXNativeTarget "project-book-series" */;
			buildPhases = (
				D60395312D91147B00C8AB35 /* Sources */,
				D60395322D91147B00C8AB35 /* Frameworks */,
				D60395332D91147B00C8AB35 /* Resources */,
			);
			buildRules = (
			);
			dependencies = (
			);
			fileSystemSynchronizedGroups = (
				D60395372D91147B00C8AB35 /* project-book-series */,
			);
			name = "project-book-series";
			packageProductDependencies = (
				D64738E12D91423A00E5E758 /* SnapKit */,
				D6D80DEA2D9BBF2400835F42 /* RxCocoa */,
			);
			productName = "project-book-series";
			productReference = D60395352D91147B00C8AB35 /* project-book-series.app */;
			productType = "com.apple.product-type.application";
		};
		D603954A2D91147D00C8AB35 /* project-book-seriesTests */ = {
			isa = PBXNativeTarget;
			buildConfigurationList = D60395632D91147D00C8AB35 /* Build configuration list for PBXNativeTarget "project-book-seriesTests" */;
			buildPhases = (
				D60395472D91147D00C8AB35 /* Sources */,
				D60395482D91147D00C8AB35 /* Frameworks */,
				D60395492D91147D00C8AB35 /* Resources */,
			);
			buildRules = (
			);
			dependencies = (
				D603954D2D91147D00C8AB35 /* PBXTargetDependency */,
			);
			fileSystemSynchronizedGroups = (
				D603954E2D91147D00C8AB35 /* project-book-seriesTests */,
			);
			name = "project-book-seriesTests";
			packageProductDependencies = (
			);
			productName = "project-book-seriesTests";
			productReference = D603954B2D91147D00C8AB35 /* project-book-seriesTests.xctest */;
			productType = "com.apple.product-type.bundle.unit-test";
		};
		D60395542D91147D00C8AB35 /* project-book-seriesUITests */ = {
			isa = PBXNativeTarget;
			buildConfigurationList = D60395662D91147D00C8AB35 /* Build configuration list for PBXNativeTarget "project-book-seriesUITests" */;
			buildPhases = (
				D60395512D91147D00C8AB35 /* Sources */,
				D60395522D91147D00C8AB35 /* Frameworks */,
				D60395532D91147D00C8AB35 /* Resources */,
			);
			buildRules = (
			);
			dependencies = (
				D60395572D91147D00C8AB35 /* PBXTargetDependency */,
			);
			fileSystemSynchronizedGroups = (
				D60395582D91147D00C8AB35 /* project-book-seriesUITests */,
			);
			name = "project-book-seriesUITests";
			packageProductDependencies = (
			);
			productName = "project-book-seriesUITests";
			productReference = D60395552D91147D00C8AB35 /* project-book-seriesUITests.xctest */;
			productType = "com.apple.product-type.bundle.ui-testing";
		};
/* End PBXNativeTarget section */

/* Begin PBXProject section */
		D603952D2D91147B00C8AB35 /* Project object */ = {
			isa = PBXProject;
			attributes = {
				BuildIndependentTargetsInParallel = 1;
				LastSwiftUpdateCheck = 1620;
				LastUpgradeCheck = 1620;
				TargetAttributes = {
					D60395342D91147B00C8AB35 = {
						CreatedOnToolsVersion = 16.2;
					};
					D603954A2D91147D00C8AB35 = {
						CreatedOnToolsVersion = 16.2;
						TestTargetID = D60395342D91147B00C8AB35;
					};
					D60395542D91147D00C8AB35 = {
						CreatedOnToolsVersion = 16.2;
						TestTargetID = D60395342D91147B00C8AB35;
					};
				};
			};
			buildConfigurationList = D60395302D91147B00C8AB35 /* Build configuration list for PBXProject "project-book-series" */;
			developmentRegion = en;
			hasScannedForEncodings = 0;
			knownRegions = (
				en,
				Base,
			);
			mainGroup = D603952C2D91147B00C8AB35;
			minimizedProjectReferenceProxies = 1;
			packageReferences = (
				D64738E02D91423A00E5E758 /* XCRemoteSwiftPackageReference "SnapKit" */,
				D6D80DE92D9BBF2400835F42 /* XCRemoteSwiftPackageReference "RxSwift" */,
			);
			preferredProjectObjectVersion = 77;
			productRefGroup = D60395362D91147B00C8AB35 /* Products */;
			projectDirPath = "";
			projectRoot = "";
			targets = (
				D60395342D91147B00C8AB35 /* project-book-series */,
				D603954A2D91147D00C8AB35 /* project-book-seriesTests */,
				D60395542D91147D00C8AB35 /* project-book-seriesUITests */,
			);
		};
/* End PBXProject section */

/* Begin PBXResourcesBuildPhase section */
		D60395332D91147B00C8AB35 /* Resources */ = {
			isa = PBXResourcesBuildPhase;
			buildActionMask = 2147483647;
			files = (
			);
			runOnlyForDeploymentPostprocessing = 0;
		};
		D60395492D91147D00C8AB35 /* Resources */ = {
			isa = PBXResourcesBuildPhase;
			buildActionMask = 2147483647;
			files = (
			);
			runOnlyForDeploymentPostprocessing = 0;
		};
		D60395532D91147D00C8AB35 /* Resources */ = {
			isa = PBXResourcesBuildPhase;
			buildActionMask = 2147483647;
			files = (
			);
			runOnlyForDeploymentPostprocessing = 0;
		};
/* End PBXResourcesBuildPhase section */

/* Begin PBXSourcesBuildPhase section */
		D60395312D91147B00C8AB35 /* Sources */ = {
			isa = PBXSourcesBuildPhase;
			buildActionMask = 2147483647;
			files = (
			);
			runOnlyForDeploymentPostprocessing = 0;
		};
		D60395472D91147D00C8AB35 /* Sources */ = {
			isa = PBXSourcesBuildPhase;
			buildActionMask = 2147483647;
			files = (
			);
			runOnlyForDeploymentPostprocessing = 0;
		};
		D60395512D91147D00C8AB35 /* Sources */ = {
			isa = PBXSourcesBuildPhase;
			buildActionMask = 2147483647;
			files = (
			);
			runOnlyForDeploymentPostprocessing = 0;
		};
/* End PBXSourcesBuildPhase section */

/* Begin PBXTargetDependency section */
		D603954D2D91147D00C8AB35 /* PBXTargetDependency */ = {
			isa = PBXTargetDependency;
			target = D60395342D91147B00C8AB35 /* project-book-series */;
			targetProxy = D603954C2D91147D00C8AB35 /* PBXContainerItemProxy */;
		};
		D60395572D91147D00C8AB35 /* PBXTargetDependency */ = {
			isa = PBXTargetDependency;
			target = D60395342D91147B00C8AB35 /* project-book-series */;
			targetProxy = D60395562D91147D00C8AB35 /* PBXContainerItemProxy */;
		};
/* End PBXTargetDependency section */

/* Begin XCBuildConfiguration section */
		D603955F2D91147D00C8AB35 /* Debug */ = {
			isa = XCBuildConfiguration;
			buildSettings = {
				ASSETCATALOG_COMPILER_APPICON_NAME = AppIcon;
				ASSETCATALOG_COMPILER_GLOBAL_ACCENT_COLOR_NAME = AccentColor;
				CODE_SIGN_STYLE = Automatic;
				CURRENT_PROJECT_VERSION = 1;
				DEVELOPMENT_TEAM = N676ZFA7W8;
				GENERATE_INFOPLIST_FILE = YES;
				INFOPLIST_FILE = "project-book-series/Info.plist";
				INFOPLIST_KEY_UIApplicationSupportsIndirectInputEvents = YES;
				INFOPLIST_KEY_UILaunchStoryboardName = LaunchScreen;
				INFOPLIST_KEY_UISupportedInterfaceOrientations_iPad = "UIInterfaceOrientationPortrait UIInterfaceOrientationPortraitUpsideDown UIInterfaceOrientationLandscapeLeft UIInterfaceOrientationLandscapeRight";
				INFOPLIST_KEY_UISupportedInterfaceOrientations_iPhone = "UIInterfaceOrientationPortrait UIInterfaceOrientationLandscapeLeft UIInterfaceOrientationLandscapeRight";
				LD_RUNPATH_SEARCH_PATHS = (
					"$(inherited)",
					"@executable_path/Frameworks",
				);
				MARKETING_VERSION = 1.0;
				PRODUCT_BUNDLE_IDENTIFIER = "quarang.project-book-series";
				PRODUCT_NAME = "$(TARGET_NAME)";
				SWIFT_EMIT_LOC_STRINGS = YES;
				SWIFT_VERSION = 5.0;
				TARGETED_DEVICE_FAMILY = "1,2";
			};
			name = Debug;
		};
		D60395602D91147D00C8AB35 /* Release */ = {
			isa = XCBuildConfiguration;
			buildSettings = {
				ASSETCATALOG_COMPILER_APPICON_NAME = AppIcon;
				ASSETCATALOG_COMPILER_GLOBAL_ACCENT_COLOR_NAME = AccentColor;
				CODE_SIGN_STYLE = Automatic;
				CURRENT_PROJECT_VERSION = 1;
				DEVELOPMENT_TEAM = N676ZFA7W8;
				GENERATE_INFOPLIST_FILE = YES;
				INFOPLIST_FILE = "project-book-series/Info.plist";
				INFOPLIST_KEY_UIApplicationSupportsIndirectInputEvents = YES;
				INFOPLIST_KEY_UILaunchStoryboardName = LaunchScreen;
				INFOPLIST_KEY_UISupportedInterfaceOrientations_iPad = "UIInterfaceOrientationPortrait UIInterfaceOrientationPortraitUpsideDown UIInterfaceOrientationLandscapeLeft UIInterfaceOrientationLandscapeRight";
				INFOPLIST_KEY_UISupportedInterfaceOrientations_iPhone = "UIInterfaceOrientationPortrait UIInterfaceOrientationLandscapeLeft UIInterfaceOrientationLandscapeRight";
				LD_RUNPATH_SEARCH_PATHS = (
					"$(inherited)",
					"@executable_path/Frameworks",
				);
				MARKETING_VERSION = 1.0;
				PRODUCT_BUNDLE_IDENTIFIER = "quarang.project-book-series";
				PRODUCT_NAME = "$(TARGET_NAME)";
				SWIFT_EMIT_LOC_STRINGS = YES;
				SWIFT_VERSION = 5.0;
				TARGETED_DEVICE_FAMILY = "1,2";
			};
			name = Release;
		};
		D60395612D91147D00C8AB35 /* Debug */ = {
			isa = XCBuildConfiguration;
			buildSettings = {
				ALWAYS_SEARCH_USER_PATHS = NO;
				ASSETCATALOG_COMPILER_GENERATE_SWIFT_ASSET_SYMBOL_EXTENSIONS = YES;
				CLANG_ANALYZER_NONNULL = YES;
				CLANG_ANALYZER_NUMBER_OBJECT_CONVERSION = YES_AGGRESSIVE;
				CLANG_CXX_LANGUAGE_STANDARD = "gnu++20";
				CLANG_ENABLE_MODULES = YES;
				CLANG_ENABLE_OBJC_ARC = YES;
				CLANG_ENABLE_OBJC_WEAK = YES;
				CLANG_WARN_BLOCK_CAPTURE_AUTORELEASING = YES;
				CLANG_WARN_BOOL_CONVERSION = YES;
				CLANG_WARN_COMMA = YES;
				CLANG_WARN_CONSTANT_CONVERSION = YES;
				CLANG_WARN_DEPRECATED_OBJC_IMPLEMENTATIONS = YES;
				CLANG_WARN_DIRECT_OBJC_ISA_USAGE = YES_ERROR;
				CLANG_WARN_DOCUMENTATION_COMMENTS = YES;
				CLANG_WARN_EMPTY_BODY = YES;
				CLANG_WARN_ENUM_CONVERSION = YES;
				CLANG_WARN_INFINITE_RECURSION = YES;
				CLANG_WARN_INT_CONVERSION = YES;
				CLANG_WARN_NON_LITERAL_NULL_CONVERSION = YES;
				CLANG_WARN_OBJC_IMPLICIT_RETAIN_SELF = YES;
				CLANG_WARN_OBJC_LITERAL_CONVERSION = YES;
				CLANG_WARN_OBJC_ROOT_CLASS = YES_ERROR;
				CLANG_WARN_QUOTED_INCLUDE_IN_FRAMEWORK_HEADER = YES;
				CLANG_WARN_RANGE_LOOP_ANALYSIS = YES;
				CLANG_WARN_STRICT_PROTOTYPES = YES;
				CLANG_WARN_SUSPICIOUS_MOVE = YES;
				CLANG_WARN_UNGUARDED_AVAILABILITY = YES_AGGRESSIVE;
				CLANG_WARN_UNREACHABLE_CODE = YES;
				CLANG_WARN__DUPLICATE_METHOD_MATCH = YES;
				COPY_PHASE_STRIP = NO;
				DEBUG_INFORMATION_FORMAT = dwarf;
				ENABLE_STRICT_OBJC_MSGSEND = YES;
				ENABLE_TESTABILITY = YES;
				ENABLE_USER_SCRIPT_SANDBOXING = YES;
				GCC_C_LANGUAGE_STANDARD = gnu17;
				GCC_DYNAMIC_NO_PIC = NO;
				GCC_NO_COMMON_BLOCKS = YES;
				GCC_OPTIMIZATION_LEVEL = 0;
				GCC_PREPROCESSOR_DEFINITIONS = (
					"DEBUG=1",
					"$(inherited)",
				);
				GCC_WARN_64_TO_32_BIT_CONVERSION = YES;
				GCC_WARN_ABOUT_RETURN_TYPE = YES_ERROR;
				GCC_WARN_UNDECLARED_SELECTOR = YES;
				GCC_WARN_UNINITIALIZED_AUTOS = YES_AGGRESSIVE;
				GCC_WARN_UNUSED_FUNCTION = YES;
				GCC_WARN_UNUSED_VARIABLE = YES;
				IPHONEOS_DEPLOYMENT_TARGET = 18.2;
				LOCALIZATION_PREFERS_STRING_CATALOGS = YES;
				MTL_ENABLE_DEBUG_INFO = INCLUDE_SOURCE;
				MTL_FAST_MATH = YES;
				ONLY_ACTIVE_ARCH = YES;
				SDKROOT = iphoneos;
				SWIFT_ACTIVE_COMPILATION_CONDITIONS = "DEBUG $(inherited)";
				SWIFT_OPTIMIZATION_LEVEL = "-Onone";
			};
			name = Debug;
		};
		D60395622D91147D00C8AB35 /* Release */ = {
			isa = XCBuildConfiguration;
			buildSettings = {
				ALWAYS_SEARCH_USER_PATHS = NO;
				ASSETCATALOG_COMPILER_GENERATE_SWIFT_ASSET_SYMBOL_EXTENSIONS = YES;
				CLANG_ANALYZER_NONNULL = YES;
				CLANG_ANALYZER_NUMBER_OBJECT_CONVERSION = YES_AGGRESSIVE;
				CLANG_CXX_LANGUAGE_STANDARD = "gnu++20";
				CLANG_ENABLE_MODULES = YES;
				CLANG_ENABLE_OBJC_ARC = YES;
				CLANG_ENABLE_OBJC_WEAK = YES;
				CLANG_WARN_BLOCK_CAPTURE_AUTORELEASING = YES;
				CLANG_WARN_BOOL_CONVERSION = YES;
				CLANG_WARN_COMMA = YES;
				CLANG_WARN_CONSTANT_CONVERSION = YES;
				CLANG_WARN_DEPRECATED_OBJC_IMPLEMENTATIONS = YES;
				CLANG_WARN_DIRECT_OBJC_ISA_USAGE = YES_ERROR;
				CLANG_WARN_DOCUMENTATION_COMMENTS = YES;
				CLANG_WARN_EMPTY_BODY = YES;
				CLANG_WARN_ENUM_CONVERSION = YES;
				CLANG_WARN_INFINITE_RECURSION = YES;
				CLANG_WARN_INT_CONVERSION = YES;
				CLANG_WARN_NON_LITERAL_NULL_CONVERSION = YES;
				CLANG_WARN_OBJC_IMPLICIT_RETAIN_SELF = YES;
				CLANG_WARN_OBJC_LITERAL_CONVERSION = YES;
				CLANG_WARN_OBJC_ROOT_CLASS = YES_ERROR;
				CLANG_WARN_QUOTED_INCLUDE_IN_FRAMEWORK_HEADER = YES;
				CLANG_WARN_RANGE_LOOP_ANALYSIS = YES;
				CLANG_WARN_STRICT_PROTOTYPES = YES;
				CLANG_WARN_SUSPICIOUS_MOVE = YES;
				CLANG_WARN_UNGUARDED_AVAILABILITY = YES_AGGRESSIVE;
				CLANG_WARN_UNREACHABLE_CODE = YES;
				CLANG_WARN__DUPLICATE_METHOD_MATCH = YES;
				COPY_PHASE_STRIP = NO;
				DEBUG_INFORMATION_FORMAT = "dwarf-with-dsym";
				ENABLE_NS_ASSERTIONS = NO;
				ENABLE_STRICT_OBJC_MSGSEND = YES;
				ENABLE_USER_SCRIPT_SANDBOXING = YES;
				GCC_C_LANGUAGE_STANDARD = gnu17;
				GCC_NO_COMMON_BLOCKS = YES;
				GCC_WARN_64_TO_32_BIT_CONVERSION = YES;
				GCC_WARN_ABOUT_RETURN_TYPE = YES_ERROR;
				GCC_WARN_UNDECLARED_SELECTOR = YES;
				GCC_WARN_UNINITIALIZED_AUTOS = YES_AGGRESSIVE;
				GCC_WARN_UNUSED_FUNCTION = YES;
				GCC_WARN_UNUSED_VARIABLE = YES;
				IPHONEOS_DEPLOYMENT_TARGET = 18.2;
				LOCALIZATION_PREFERS_STRING_CATALOGS = YES;
				MTL_ENABLE_DEBUG_INFO = NO;
				MTL_FAST_MATH = YES;
				SDKROOT = iphoneos;
				SWIFT_COMPILATION_MODE = wholemodule;
				VALIDATE_PRODUCT = YES;
			};
			name = Release;
		};
		D60395642D91147D00C8AB35 /* Debug */ = {
			isa = XCBuildConfiguration;
			buildSettings = {
				BUNDLE_LOADER = "$(TEST_HOST)";
				CODE_SIGN_STYLE = Automatic;
				CURRENT_PROJECT_VERSION = 1;
				DEVELOPMENT_TEAM = N676ZFA7W8;
				GENERATE_INFOPLIST_FILE = YES;
				IPHONEOS_DEPLOYMENT_TARGET = 18.2;
				MARKETING_VERSION = 1.0;
				PRODUCT_BUNDLE_IDENTIFIER = "quarang.project-book-seriesTests";
				PRODUCT_NAME = "$(TARGET_NAME)";
				SWIFT_EMIT_LOC_STRINGS = NO;
				SWIFT_VERSION = 5.0;
				TARGETED_DEVICE_FAMILY = "1,2";
				TEST_HOST = "$(BUILT_PRODUCTS_DIR)/project-book-series.app/$(BUNDLE_EXECUTABLE_FOLDER_PATH)/project-book-series";
			};
			name = Debug;
		};
		D60395652D91147D00C8AB35 /* Release */ = {
			isa = XCBuildConfiguration;
			buildSettings = {
				BUNDLE_LOADER = "$(TEST_HOST)";
				CODE_SIGN_STYLE = Automatic;
				CURRENT_PROJECT_VERSION = 1;
				DEVELOPMENT_TEAM = N676ZFA7W8;
				GENERATE_INFOPLIST_FILE = YES;
				IPHONEOS_DEPLOYMENT_TARGET = 18.2;
				MARKETING_VERSION = 1.0;
				PRODUCT_BUNDLE_IDENTIFIER = "quarang.project-book-seriesTests";
				PRODUCT_NAME = "$(TARGET_NAME)";
				SWIFT_EMIT_LOC_STRINGS = NO;
				SWIFT_VERSION = 5.0;
				TARGETED_DEVICE_FAMILY = "1,2";
				TEST_HOST = "$(BUILT_PRODUCTS_DIR)/project-book-series.app/$(BUNDLE_EXECUTABLE_FOLDER_PATH)/project-book-series";
			};
			name = Release;
		};
		D60395672D91147D00C8AB35 /* Debug */ = {
			isa = XCBuildConfiguration;
			buildSettings = {
				CODE_SIGN_STYLE = Automatic;
				CURRENT_PROJECT_VERSION = 1;
				DEVELOPMENT_TEAM = N676ZFA7W8;
				GENERATE_INFOPLIST_FILE = YES;
				MARKETING_VERSION = 1.0;
				PRODUCT_BUNDLE_IDENTIFIER = "quarang.project-book-seriesUITests";
				PRODUCT_NAME = "$(TARGET_NAME)";
				SWIFT_EMIT_LOC_STRINGS = NO;
				SWIFT_VERSION = 5.0;
				TARGETED_DEVICE_FAMILY = "1,2";
				TEST_TARGET_NAME = "project-book-series";
			};
			name = Debug;
		};
		D60395682D91147D00C8AB35 /* Release */ = {
			isa = XCBuildConfiguration;
			buildSettings = {
				CODE_SIGN_STYLE = Automatic;
				CURRENT_PROJECT_VERSION = 1;
				DEVELOPMENT_TEAM = N676ZFA7W8;
				GENERATE_INFOPLIST_FILE = YES;
				MARKETING_VERSION = 1.0;
				PRODUCT_BUNDLE_IDENTIFIER = "quarang.project-book-seriesUITests";
				PRODUCT_NAME = "$(TARGET_NAME)";
				SWIFT_EMIT_LOC_STRINGS = NO;
				SWIFT_VERSION = 5.0;
				TARGETED_DEVICE_FAMILY = "1,2";
				TEST_TARGET_NAME = "project-book-series";
			};
			name = Release;
		};
/* End XCBuildConfiguration section */

/* Begin XCConfigurationList section */
		D60395302D91147B00C8AB35 /* Build configuration list for PBXProject "project-book-series" */ = {
			isa = XCConfigurationList;
			buildConfigurations = (
				D60395612D91147D00C8AB35 /* Debug */,
				D60395622D91147D00C8AB35 /* Release */,
			);
			defaultConfigurationIsVisible = 0;
			defaultConfigurationName = Release;
		};
		D603955E2D91147D00C8AB35 /* Build configuration list for PBXNativeTarget "project-book-series" */ = {
			isa = XCConfigurationList;
			buildConfigurations = (
				D603955F2D91147D00C8AB35 /* Debug */,
				D60395602D91147D00C8AB35 /* Release */,
			);
			defaultConfigurationIsVisible = 0;
			defaultConfigurationName = Release;
		};
		D60395632D91147D00C8AB35 /* Build configuration list for PBXNativeTarget "project-book-seriesTests" */ = {
			isa = XCConfigurationList;
			buildConfigurations = (
				D60395642D91147D00C8AB35 /* Debug */,
				D60395652D91147D00C8AB35 /* Release */,
			);
			defaultConfigurationIsVisible = 0;
			defaultConfigurationName = Release;
		};
		D60395662D91147D00C8AB35 /* Build configuration list for PBXNativeTarget "project-book-seriesUITests" */ = {
			isa = XCConfigurationList;
			buildConfigurations = (
				D60395672D91147D00C8AB35 /* Debug */,
				D60395682D91147D00C8AB35 /* Release */,
			);
			defaultConfigurationIsVisible = 0;
			defaultConfigurationName = Release;
		};
/* End XCConfigurationList section */

/* Begin XCRemoteSwiftPackageReference section */
		D64738E02D91423A00E5E758 /* XCRemoteSwiftPackageReference "SnapKit" */ = {
			isa = XCRemoteSwiftPackageReference;
			repositoryURL = "https://github.com/SnapKit/SnapKit.git";
			requirement = {
				kind = upToNextMajorVersion;
				minimumVersion = 5.7.1;
			};
		};
		D6D80DE92D9BBF2400835F42 /* XCRemoteSwiftPackageReference "RxSwift" */ = {
			isa = XCRemoteSwiftPackageReference;
			repositoryURL = "https://github.com/ReactiveX/RxSwift.git";
			requirement = {
				kind = upToNextMajorVersion;
				minimumVersion = 6.9.0;
			};
		};
/* End XCRemoteSwiftPackageReference section */

/* Begin XCSwiftPackageProductDependency section */
		D64738E12D91423A00E5E758 /* SnapKit */ = {
			isa = XCSwiftPackageProductDependency;
			package = D64738E02D91423A00E5E758 /* XCRemoteSwiftPackageReference "SnapKit" */;
			productName = SnapKit;
		};
		D6D80DEA2D9BBF2400835F42 /* RxCocoa */ = {
			isa = XCSwiftPackageProductDependency;
			package = D6D80DE92D9BBF2400835F42 /* XCRemoteSwiftPackageReference "RxSwift" */;
			productName = RxCocoa;
		};
/* End XCSwiftPackageProductDependency section */
	};
	rootObject = D603952D2D91147B00C8AB35 /* Project object */;
}
